
Microsoft Visual Studio Solution File, Format Version 12.00
# Visual Studio Version 16
VisualStudioVersion = 16.0.31729.503
MinimumVisualStudioVersion = 10.0.40219.1
Project("{FAE04EC0-301F-11D3-BF4B-00C04F79EFBC}") = "PayrollService", "PayrollService\PayrollService.csproj", "{5E3BD139-E0B8-4CC7-BE00-98237E028F3D}"
EndProject
Project("{FAE04EC0-301F-11D3-BF4B-00C04F79EFBC}") = "PayrollService.UnitTest", "PayrollService.UnitTest\PayrollService.UnitTest.csproj", "{66D9D278-BDE6-417B-B503-7E81D91282FA}"
EndProject
Global
	GlobalSection(SolutionConfigurationPlatforms) = preSolution
		Debug|Any CPU = Debug|Any CPU
		Release|Any CPU = Release|Any CPU
	EndGlobalSection
	GlobalSection(ProjectConfigurationPlatforms) = postSolution
		{5E3BD139-E0B8-4CC7-BE00-98237E028F3D}.Debug|Any CPU.ActiveCfg = Debug|Any CPU
		{5E3BD139-E0B8-4CC7-BE00-98237E028F3D}.Debug|Any CPU.Build.0 = Debug|Any CPU
		{5E3BD139-E0B8-4CC7-BE00-98237E028F3D}.Release|Any CPU.ActiveCfg = Release|Any CPU
		{5E3BD139-E0B8-4CC7-BE00-98237E028F3D}.Release|Any CPU.Build.0 = Release|Any CPU
		{66D9D278-BDE6-417B-B503-7E81D91282FA}.Debug|Any CPU.ActiveCfg = Debug|Any CPU
		{66D9D278-BDE6-417B-B503-7E81D91282FA}.Debug|Any CPU.Build.0 = Debug|Any CPU
		{66D9D278-BDE6-417B-B503-7E81D91282FA}.Release|Any CPU.ActiveCfg = Release|Any CPU
		{66D9D278-BDE6-417B-B503-7E81D91282FA}.Release|Any CPU.Build.0 = Release|Any CPU
	EndGlobalSection
	GlobalSection(SolutionProperties) = preSolution
		HideSolutionNode = FALSE
	EndGlobalSection
	GlobalSection(ExtensibilityGlobals) = postSolution
		SolutionGuid = {72C6523F-5AC3-4FD6-9E4F-2CF4A4A0FB52}
	EndGlobalSection
EndGlobal
